
Microsoft Visual Studio Solution File, Format Version 12.00
# Visual Studio Version 17
VisualStudioVersion = 17.0.31903.59
MinimumVisualStudioVersion = 10.0.40219.1
Project("{2150E333-8FDC-42A3-9474-1A3956D46DE8}") = "Sqs", "Sqs", "{A042DED8-A75A-4F21-A06D-5A0F0930668D}"
EndProject
Project("{FAE04EC0-301F-11D3-BF4B-00C04F79EFBC}") = "SqsPublisher", "Sqs\SqsPublisher\SqsPublisher.csproj", "{FBCADDA9-5A07-425C-9BC0-F595AD9020FD}"
EndProject
Project("{FAE04EC0-301F-11D3-BF4B-00C04F79EFBC}") = "SqsConsumer", "Sqs\SqsConsumer\SqsConsumer.csproj", "{028D8D32-323D-4CA7-A468-4E2265723B97}"
EndProject
Project("{FAE04EC0-301F-11D3-BF4B-00C04F79EFBC}") = "Customers.Api", "Sqs\Customers.Api\Customers.Api.csproj", "{010F5343-D1C9-4971-9573-F1D063B9225F}"
EndProject
Project("{FAE04EC0-301F-11D3-BF4B-00C04F79EFBC}") = "Customers.Consumer", "Sqs\Customers.Consumer\Customers.Consumer.csproj", "{B9C756CD-A554-47FA-9FAE-37F4CE9C3165}"
EndProject
Global
	GlobalSection(SolutionConfigurationPlatforms) = preSolution
		Debug|Any CPU = Debug|Any CPU
		Release|Any CPU = Release|Any CPU
	EndGlobalSection
	GlobalSection(SolutionProperties) = preSolution
		HideSolutionNode = FALSE
	EndGlobalSection
	GlobalSection(ProjectConfigurationPlatforms) = postSolution
		{FBCADDA9-5A07-425C-9BC0-F595AD9020FD}.Debug|Any CPU.ActiveCfg = Debug|Any CPU
		{FBCADDA9-5A07-425C-9BC0-F595AD9020FD}.Debug|Any CPU.Build.0 = Debug|Any CPU
		{FBCADDA9-5A07-425C-9BC0-F595AD9020FD}.Release|Any CPU.ActiveCfg = Release|Any CPU
		{FBCADDA9-5A07-425C-9BC0-F595AD9020FD}.Release|Any CPU.Build.0 = Release|Any CPU
		{2676B5C5-BDD8-42AF-A6B2-61E6F91ADA2B}.Debug|Any CPU.ActiveCfg = Debug|Any CPU
		{2676B5C5-BDD8-42AF-A6B2-61E6F91ADA2B}.Debug|Any CPU.Build.0 = Debug|Any CPU
		{2676B5C5-BDD8-42AF-A6B2-61E6F91ADA2B}.Release|Any CPU.ActiveCfg = Release|Any CPU
		{2676B5C5-BDD8-42AF-A6B2-61E6F91ADA2B}.Release|Any CPU.Build.0 = Release|Any CPU
		{028D8D32-323D-4CA7-A468-4E2265723B97}.Debug|Any CPU.ActiveCfg = Debug|Any CPU
		{028D8D32-323D-4CA7-A468-4E2265723B97}.Debug|Any CPU.Build.0 = Debug|Any CPU
		{028D8D32-323D-4CA7-A468-4E2265723B97}.Release|Any CPU.ActiveCfg = Release|Any CPU
		{028D8D32-323D-4CA7-A468-4E2265723B97}.Release|Any CPU.Build.0 = Release|Any CPU
		{010F5343-D1C9-4971-9573-F1D063B9225F}.Debug|Any CPU.ActiveCfg = Debug|Any CPU
		{010F5343-D1C9-4971-9573-F1D063B9225F}.Debug|Any CPU.Build.0 = Debug|Any CPU
		{010F5343-D1C9-4971-9573-F1D063B9225F}.Release|Any CPU.ActiveCfg = Release|Any CPU
		{010F5343-D1C9-4971-9573-F1D063B9225F}.Release|Any CPU.Build.0 = Release|Any CPU
		{50FCE09B-78B7-45DF-BEDA-85E85044EB57}.Debug|Any CPU.ActiveCfg = Debug|Any CPU
		{50FCE09B-78B7-45DF-BEDA-85E85044EB57}.Debug|Any CPU.Build.0 = Debug|Any CPU
		{50FCE09B-78B7-45DF-BEDA-85E85044EB57}.Release|Any CPU.ActiveCfg = Release|Any CPU
		{50FCE09B-78B7-45DF-BEDA-85E85044EB57}.Release|Any CPU.Build.0 = Release|Any CPU
		{B9C756CD-A554-47FA-9FAE-37F4CE9C3165}.Debug|Any CPU.ActiveCfg = Debug|Any CPU
		{B9C756CD-A554-47FA-9FAE-37F4CE9C3165}.Debug|Any CPU.Build.0 = Debug|Any CPU
		{B9C756CD-A554-47FA-9FAE-37F4CE9C3165}.Release|Any CPU.ActiveCfg = Release|Any CPU
		{B9C756CD-A554-47FA-9FAE-37F4CE9C3165}.Release|Any CPU.Build.0 = Release|Any CPU
	EndGlobalSection
	GlobalSection(NestedProjects) = preSolution
		{FBCADDA9-5A07-425C-9BC0-F595AD9020FD} = {A042DED8-A75A-4F21-A06D-5A0F0930668D}
		{2676B5C5-BDD8-42AF-A6B2-61E6F91ADA2B} = {A042DED8-A75A-4F21-A06D-5A0F0930668D}
		{028D8D32-323D-4CA7-A468-4E2265723B97} = {A042DED8-A75A-4F21-A06D-5A0F0930668D}
		{010F5343-D1C9-4971-9573-F1D063B9225F} = {A042DED8-A75A-4F21-A06D-5A0F0930668D}
		{50FCE09B-78B7-45DF-BEDA-85E85044EB57} = {A042DED8-A75A-4F21-A06D-5A0F0930668D}
		{B9C756CD-A554-47FA-9FAE-37F4CE9C3165} = {A042DED8-A75A-4F21-A06D-5A0F0930668D}
	EndGlobalSection
EndGlobal
